// !$*UTF8*$!
{
	archiveVersion = 1;
	classes = {
	};
	objectVersion = 55;
	objects = {

/* Begin PBXBuildFile section */
		2497BBF427CD10C300462512 /* AppDelegate.swift in Sources */ = {isa = PBXBuildFile; fileRef = 2497BBF327CD10C300462512 /* AppDelegate.swift */; };
		2497BBF627CD10C300462512 /* SceneDelegate.swift in Sources */ = {isa = PBXBuildFile; fileRef = 2497BBF527CD10C300462512 /* SceneDelegate.swift */; };
		2497BBF827CD10C300462512 /* ViewController.swift in Sources */ = {isa = PBXBuildFile; fileRef = 2497BBF727CD10C300462512 /* ViewController.swift */; };
		2497BBFB27CD10C300462512 /* Main.storyboard in Resources */ = {isa = PBXBuildFile; fileRef = 2497BBF927CD10C300462512 /* Main.storyboard */; };
		2497BBFD27CD10C500462512 /* Assets.xcassets in Resources */ = {isa = PBXBuildFile; fileRef = 2497BBFC27CD10C500462512 /* Assets.xcassets */; };
		2497BC0027CD10C500462512 /* LaunchScreen.storyboard in Resources */ = {isa = PBXBuildFile; fileRef = 2497BBFE27CD10C500462512 /* LaunchScreen.storyboard */; };
		2497BC0B27CD219200462512 /* fireworks-display.json in Resources */ = {isa = PBXBuildFile; fileRef = 2497BC0A27CD219200462512 /* fireworks-display.json */; };
		2497BC0D27CD222D00462512 /* 16764-firework-animaiton.json in Resources */ = {isa = PBXBuildFile; fileRef = 2497BC0C27CD222D00462512 /* 16764-firework-animaiton.json */; };
		2497BC0F27CDCB4000462512 /* Colors.swift in Sources */ = {isa = PBXBuildFile; fileRef = 2497BC0E27CDCB4000462512 /* Colors.swift */; };
		4A7D2D73FD58D4FC25751722 /* Pods_Decision.framework in Frameworks */ = {isa = PBXBuildFile; fileRef = B6A9C036B7A761982CE193B8 /* Pods_Decision.framework */; };
/* End PBXBuildFile section */

/* Begin PBXFileReference section */
		139AD85923F05C18CF1AD782 /* Pods-Decision.debug.xcconfig */ = {isa = PBXFileReference; includeInIndex = 1; lastKnownFileType = text.xcconfig; name = "Pods-Decision.debug.xcconfig"; path = "Target Support Files/Pods-Decision/Pods-Decision.debug.xcconfig"; sourceTree = "<group>"; };
		2497BBF027CD10C300462512 /* Decision.app */ = {isa = PBXFileReference; explicitFileType = wrapper.application; includeInIndex = 0; path = Decision.app; sourceTree = BUILT_PRODUCTS_DIR; };
		2497BBF327CD10C300462512 /* AppDelegate.swift */ = {isa = PBXFileReference; lastKnownFileType = sourcecode.swift; path = AppDelegate.swift; sourceTree = "<group>"; };
		2497BBF527CD10C300462512 /* SceneDelegate.swift */ = {isa = PBXFileReference; lastKnownFileType = sourcecode.swift; path = SceneDelegate.swift; sourceTree = "<group>"; };
		2497BBF727CD10C300462512 /* ViewController.swift */ = {isa = PBXFileReference; lastKnownFileType = sourcecode.swift; path = ViewController.swift; sourceTree = "<group>"; };
		2497BBFA27CD10C300462512 /* Base */ = {isa = PBXFileReference; lastKnownFileType = file.storyboard; name = Base; path = Base.lproj/Main.storyboard; sourceTree = "<group>"; };
		2497BBFC27CD10C500462512 /* Assets.xcassets */ = {isa = PBXFileReference; lastKnownFileType = folder.assetcatalog; path = Assets.xcassets; sourceTree = "<group>"; };
		2497BBFF27CD10C500462512 /* Base */ = {isa = PBXFileReference; lastKnownFileType = file.storyboard; name = Base; path = Base.lproj/LaunchScreen.storyboard; sourceTree = "<group>"; };
		2497BC0127CD10C500462512 /* Info.plist */ = {isa = PBXFileReference; lastKnownFileType = text.plist.xml; path = Info.plist; sourceTree = "<group>"; };
		2497BC0A27CD219200462512 /* fireworks-display.json */ = {isa = PBXFileReference; fileEncoding = 4; lastKnownFileType = text.json; name = "fireworks-display.json"; path = "../../../../../Downloads/fireworks-display.json"; sourceTree = "<group>"; };
		2497BC0C27CD222D00462512 /* 16764-firework-animaiton.json */ = {isa = PBXFileReference; fileEncoding = 4; lastKnownFileType = text.json; name = "16764-firework-animaiton.json"; path = "../../../../../Downloads/16764-firework-animaiton.json"; sourceTree = "<group>"; };
		2497BC0E27CDCB4000462512 /* Colors.swift */ = {isa = PBXFileReference; lastKnownFileType = sourcecode.swift; path = Colors.swift; sourceTree = "<group>"; };
		610662E84E76F368D1A90374 /* Pods-Decision.release.xcconfig */ = {isa = PBXFileReference; includeInIndex = 1; lastKnownFileType = text.xcconfig; name = "Pods-Decision.release.xcconfig"; path = "Target Support Files/Pods-Decision/Pods-Decision.release.xcconfig"; sourceTree = "<group>"; };
		B6A9C036B7A761982CE193B8 /* Pods_Decision.framework */ = {isa = PBXFileReference; explicitFileType = wrapper.framework; includeInIndex = 0; path = Pods_Decision.framework; sourceTree = BUILT_PRODUCTS_DIR; };
/* End PBXFileReference section */

/* Begin PBXFrameworksBuildPhase section */
		2497BBED27CD10C300462512 /* Frameworks */ = {
			isa = PBXFrameworksBuildPhase;
			buildActionMask = 2147483647;
			files = (
				4A7D2D73FD58D4FC25751722 /* Pods_Decision.framework in Frameworks */,
			);
			runOnlyForDeploymentPostprocessing = 0;
		};
/* End PBXFrameworksBuildPhase section */

/* Begin PBXGroup section */
		2497BBE727CD10C300462512 = {
			isa = PBXGroup;
			children = (
				2497BBF227CD10C300462512 /* Decision */,
				2497BBF127CD10C300462512 /* Products */,
				AD6DEBFFBB56979D0356BA09 /* Pods */,
				7D1E51232AD5E7B55593B975 /* Frameworks */,
			);
			sourceTree = "<group>";
		};
		2497BBF127CD10C300462512 /* Products */ = {
			isa = PBXGroup;
			children = (
				2497BBF027CD10C300462512 /* Decision.app */,
			);
			name = Products;
			sourceTree = "<group>";
		};
		2497BBF227CD10C300462512 /* Decision */ = {
			isa = PBXGroup;
			children = (
				2497BBF327CD10C300462512 /* AppDelegate.swift */,
				2497BBF527CD10C300462512 /* SceneDelegate.swift */,
				2497BBF927CD10C300462512 /* Main.storyboard */,
				2497BBFE27CD10C500462512 /* LaunchScreen.storyboard */,
				2497BC0E27CDCB4000462512 /* Colors.swift */,
				2497BBF727CD10C300462512 /* ViewController.swift */,
				2497BC0127CD10C500462512 /* Info.plist */,
				2497BC0727CD1FEF00462512 /* Assets */,
			);
			path = Decision;
			sourceTree = "<group>";
		};
		2497BC0727CD1FEF00462512 /* Assets */ = {
			isa = PBXGroup;
			children = (
				2497BBFC27CD10C500462512 /* Assets.xcassets */,
				2497BC0A27CD219200462512 /* fireworks-display.json */,
				2497BC0C27CD222D00462512 /* 16764-firework-animaiton.json */,
			);
			path = Assets;
			sourceTree = "<group>";
		};
		7D1E51232AD5E7B55593B975 /* Frameworks */ = {
			isa = PBXGroup;
			children = (
				B6A9C036B7A761982CE193B8 /* Pods_Decision.framework */,
			);
			name = Frameworks;
			sourceTree = "<group>";
		};
		AD6DEBFFBB56979D0356BA09 /* Pods */ = {
			isa = PBXGroup;
			children = (
				139AD85923F05C18CF1AD782 /* Pods-Decision.debug.xcconfig */,
				610662E84E76F368D1A90374 /* Pods-Decision.release.xcconfig */,
			);
			path = Pods;
			sourceTree = "<group>";
		};
/* End PBXGroup section */

/* Begin PBXNativeTarget section */
		2497BBEF27CD10C300462512 /* Decision */ = {
			isa = PBXNativeTarget;
			buildConfigurationList = 2497BC0427CD10C500462512 /* Build configuration list for PBXNativeTarget "Decision" */;
			buildPhases = (
				E98DA576124C11FB2A29AAB1 /* [CP] Check Pods Manifest.lock */,
				2497BBEC27CD10C300462512 /* Sources */,
				2497BBED27CD10C300462512 /* Frameworks */,
				2497BBEE27CD10C300462512 /* Resources */,
				4A97737707BE28BCFF6A9628 /* [CP] Embed Pods Frameworks */,
			);
			buildRules = (
			);
			dependencies = (
			);
			name = Decision;
			productName = Decision;
			productReference = 2497BBF027CD10C300462512 /* Decision.app */;
			productType = "com.apple.product-type.application";
		};
/* End PBXNativeTarget section */

/* Begin PBXProject section */
		2497BBE827CD10C300462512 /* Project object */ = {
			isa = PBXProject;
			attributes = {
				BuildIndependentTargetsInParallel = 1;
				LastSwiftUpdateCheck = 1320;
				LastUpgradeCheck = 1320;
				TargetAttributes = {
					2497BBEF27CD10C300462512 = {
						CreatedOnToolsVersion = 13.2.1;
					};
				};
			};
			buildConfigurationList = 2497BBEB27CD10C300462512 /* Build configuration list for PBXProject "Decision" */;
			compatibilityVersion = "Xcode 13.0";
			developmentRegion = en;
			hasScannedForEncodings = 0;
			knownRegions = (
				en,
				Base,
			);
			mainGroup = 2497BBE727CD10C300462512;
			productRefGroup = 2497BBF127CD10C300462512 /* Products */;
			projectDirPath = "";
			projectRoot = "";
			targets = (
				2497BBEF27CD10C300462512 /* Decision */,
			);
		};
/* End PBXProject section */

/* Begin PBXResourcesBuildPhase section */
		2497BBEE27CD10C300462512 /* Resources */ = {
			isa = PBXResourcesBuildPhase;
			buildActionMask = 2147483647;
			files = (
				2497BC0D27CD222D00462512 /* 16764-firework-animaiton.json in Resources */,
				2497BC0027CD10C500462512 /* LaunchScreen.storyboard in Resources */,
				2497BBFD27CD10C500462512 /* Assets.xcassets in Resources */,
				2497BBFB27CD10C300462512 /* Main.storyboard in Resources */,
				2497BC0B27CD219200462512 /* fireworks-display.json in Resources */,
			);
			runOnlyForDeploymentPostprocessing = 0;
		};
/* End PBXResourcesBuildPhase section */

/* Begin PBXShellScriptBuildPhase section */
		4A97737707BE28BCFF6A9628 /* [CP] Embed Pods Frameworks */ = {
			isa = PBXShellScriptBuildPhase;
			buildActionMask = 2147483647;
			files = (
			);
			inputFileListPaths = (
				"${PODS_ROOT}/Target Support Files/Pods-Decision/Pods-Decision-frameworks-${CONFIGURATION}-input-files.xcfilelist",
			);
			name = "[CP] Embed Pods Frameworks";
			outputFileListPaths = (
				"${PODS_ROOT}/Target Support Files/Pods-Decision/Pods-Decision-frameworks-${CONFIGURATION}-output-files.xcfilelist",
			);
			runOnlyForDeploymentPostprocessing = 0;
			shellPath = /bin/sh;
			shellScript = "\"${PODS_ROOT}/Target Support Files/Pods-Decision/Pods-Decision-frameworks.sh\"\n";
			showEnvVarsInLog = 0;
		};
		E98DA576124C11FB2A29AAB1 /* [CP] Check Pods Manifest.lock */ = {
			isa = PBXShellScriptBuildPhase;
			buildActionMask = 2147483647;
			files = (
			);
			inputFileListPaths = (
			);
			inputPaths = (
				"${PODS_PODFILE_DIR_PATH}/Podfile.lock",
				"${PODS_ROOT}/Manifest.lock",
			);
			name = "[CP] Check Pods Manifest.lock";
			outputFileListPaths = (
			);
			outputPaths = (
				"$(DERIVED_FILE_DIR)/Pods-Decision-checkManifestLockResult.txt",
			);
			runOnlyForDeploymentPostprocessing = 0;
			shellPath = /bin/sh;
			shellScript = "diff \"${PODS_PODFILE_DIR_PATH}/Podfile.lock\" \"${PODS_ROOT}/Manifest.lock\" > /dev/null\nif [ $? != 0 ] ; then\n    # print error to STDERR\n    echo \"error: The sandbox is not in sync with the Podfile.lock. Run 'pod install' or update your CocoaPods installation.\" >&2\n    exit 1\nfi\n# This output is used by Xcode 'outputs' to avoid re-running this script phase.\necho \"SUCCESS\" > \"${SCRIPT_OUTPUT_FILE_0}\"\n";
			showEnvVarsInLog = 0;
		};
/* End PBXShellScriptBuildPhase section */

/* Begin PBXSourcesBuildPhase section */
		2497BBEC27CD10C300462512 /* Sources */ = {
			isa = PBXSourcesBuildPhase;
			buildActionMask = 2147483647;
			files = (
				2497BBF827CD10C300462512 /* ViewController.swift in Sources */,
				2497BC0F27CDCB4000462512 /* Colors.swift in Sources */,
				2497BBF427CD10C300462512 /* AppDelegate.swift in Sources */,
				2497BBF627CD10C300462512 /* SceneDelegate.swift in Sources */,
			);
			runOnlyForDeploymentPostprocessing = 0;
		};
/* End PBXSourcesBuildPhase section */

/* Begin PBXVariantGroup section */
		2497BBF927CD10C300462512 /* Main.storyboard */ = {
			isa = PBXVariantGroup;
			children = (
				2497BBFA27CD10C300462512 /* Base */,
			);
			name = Main.storyboard;
			sourceTree = "<group>";
		};
		2497BBFE27CD10C500462512 /* LaunchScreen.storyboard */ = {
			isa = PBXVariantGroup;
			children = (
				2497BBFF27CD10C500462512 /* Base */,
			);
			name = LaunchScreen.storyboard;
			sourceTree = "<group>";
		};
/* End PBXVariantGroup section */

/* Begin XCBuildConfiguration section */
		2497BC0227CD10C500462512 /* Debug */ = {
			isa = XCBuildConfiguration;
			buildSettings = {
				ALWAYS_SEARCH_USER_PATHS = NO;
				CLANG_ANALYZER_NONNULL = YES;
				CLANG_ANALYZER_NUMBER_OBJECT_CONVERSION = YES_AGGRESSIVE;
				CLANG_CXX_LANGUAGE_STANDARD = "gnu++17";
				CLANG_CXX_LIBRARY = "libc++";
				CLANG_ENABLE_MODULES = YES;
				CLANG_ENABLE_OBJC_ARC = YES;
				CLANG_ENABLE_OBJC_WEAK = YES;
				CLANG_WARN_BLOCK_CAPTURE_AUTORELEASING = YES;
				CLANG_WARN_BOOL_CONVERSION = YES;
				CLANG_WARN_COMMA = YES;
				CLANG_WARN_CONSTANT_CONVERSION = YES;
				CLANG_WARN_DEPRECATED_OBJC_IMPLEMENTATIONS = YES;
				CLANG_WARN_DIRECT_OBJC_ISA_USAGE = YES_ERROR;
				CLANG_WARN_DOCUMENTATION_COMMENTS = YES;
				CLANG_WARN_EMPTY_BODY = YES;
				CLANG_WARN_ENUM_CONVERSION = YES;
				CLANG_WARN_INFINITE_RECURSION = YES;
				CLANG_WARN_INT_CONVERSION = YES;
				CLANG_WARN_NON_LITERAL_NULL_CONVERSION = YES;
				CLANG_WARN_OBJC_IMPLICIT_RETAIN_SELF = YES;
				CLANG_WARN_OBJC_LITERAL_CONVERSION = YES;
				CLANG_WARN_OBJC_ROOT_CLASS = YES_ERROR;
				CLANG_WARN_QUOTED_INCLUDE_IN_FRAMEWORK_HEADER = YES;
				CLANG_WARN_RANGE_LOOP_ANALYSIS = YES;
				CLANG_WARN_STRICT_PROTOTYPES = YES;
				CLANG_WARN_SUSPICIOUS_MOVE = YES;
				CLANG_WARN_UNGUARDED_AVAILABILITY = YES_AGGRESSIVE;
				CLANG_WARN_UNREACHABLE_CODE = YES;
				CLANG_WARN__DUPLICATE_METHOD_MATCH = YES;
				COPY_PHASE_STRIP = NO;
				DEBUG_INFORMATION_FORMAT = dwarf;
				ENABLE_STRICT_OBJC_MSGSEND = YES;
				ENABLE_TESTABILITY = YES;
				GCC_C_LANGUAGE_STANDARD = gnu11;
				GCC_DYNAMIC_NO_PIC = NO;
				GCC_NO_COMMON_BLOCKS = YES;
				GCC_OPTIMIZATION_LEVEL = 0;
				GCC_PREPROCESSOR_DEFINITIONS = (
					"DEBUG=1",
					"$(inherited)",
				);
				GCC_WARN_64_TO_32_BIT_CONVERSION = YES;
				GCC_WARN_ABOUT_RETURN_TYPE = YES_ERROR;
				GCC_WARN_UNDECLARED_SELECTOR = YES;
				GCC_WARN_UNINITIALIZED_AUTOS = YES_AGGRESSIVE;
				GCC_WARN_UNUSED_FUNCTION = YES;
				GCC_WARN_UNUSED_VARIABLE = YES;
				IPHONEOS_DEPLOYMENT_TARGET = 15.2;
				MTL_ENABLE_DEBUG_INFO = INCLUDE_SOURCE;
				MTL_FAST_MATH = YES;
				ONLY_ACTIVE_ARCH = YES;
				SDKROOT = iphoneos;
				SWIFT_ACTIVE_COMPILATION_CONDITIONS = DEBUG;
				SWIFT_OPTIMIZATION_LEVEL = "-Onone";
			};
			name = Debug;
		};
		2497BC0327CD10C500462512 /* Release */ = {
			isa = XCBuildConfiguration;
			buildSettings = {
				ALWAYS_SEARCH_USER_PATHS = NO;
				CLANG_ANALYZER_NONNULL = YES;
				CLANG_ANALYZER_NUMBER_OBJECT_CONVERSION = YES_AGGRESSIVE;
				CLANG_CXX_LANGUAGE_STANDARD = "gnu++17";
				CLANG_CXX_LIBRARY = "libc++";
				CLANG_ENABLE_MODULES = YES;
				CLANG_ENABLE_OBJC_ARC = YES;
				CLANG_ENABLE_OBJC_WEAK = YES;
				CLANG_WARN_BLOCK_CAPTURE_AUTORELEASING = YES;
				CLANG_WARN_BOOL_CONVERSION = YES;
				CLANG_WARN_COMMA = YES;
				CLANG_WARN_CONSTANT_CONVERSION = YES;
				CLANG_WARN_DEPRECATED_OBJC_IMPLEMENTATIONS = YES;
				CLANG_WARN_DIRECT_OBJC_ISA_USAGE = YES_ERROR;
				CLANG_WARN_DOCUMENTATION_COMMENTS = YES;
				CLANG_WARN_EMPTY_BODY = YES;
				CLANG_WARN_ENUM_CONVERSION = YES;
				CLANG_WARN_INFINITE_RECURSION = YES;
				CLANG_WARN_INT_CONVERSION = YES;
				CLANG_WARN_NON_LITERAL_NULL_CONVERSION = YES;
				CLANG_WARN_OBJC_IMPLICIT_RETAIN_SELF = YES;
				CLANG_WARN_OBJC_LITERAL_CONVERSION = YES;
				CLANG_WARN_OBJC_ROOT_CLASS = YES_ERROR;
				CLANG_WARN_QUOTED_INCLUDE_IN_FRAMEWORK_HEADER = YES;
				CLANG_WARN_RANGE_LOOP_ANALYSIS = YES;
				CLANG_WARN_STRICT_PROTOTYPES = YES;
				CLANG_WARN_SUSPICIOUS_MOVE = YES;
				CLANG_WARN_UNGUARDED_AVAILABILITY = YES_AGGRESSIVE;
				CLANG_WARN_UNREACHABLE_CODE = YES;
				CLANG_WARN__DUPLICATE_METHOD_MATCH = YES;
				COPY_PHASE_STRIP = NO;
				DEBUG_INFORMATION_FORMAT = "dwarf-with-dsym";
				ENABLE_NS_ASSERTIONS = NO;
				ENABLE_STRICT_OBJC_MSGSEND = YES;
				GCC_C_LANGUAGE_STANDARD = gnu11;
				GCC_NO_COMMON_BLOCKS = YES;
				GCC_WARN_64_TO_32_BIT_CONVERSION = YES;
				GCC_WARN_ABOUT_RETURN_TYPE = YES_ERROR;
				GCC_WARN_UNDECLARED_SELECTOR = YES;
				GCC_WARN_UNINITIALIZED_AUTOS = YES_AGGRESSIVE;
				GCC_WARN_UNUSED_FUNCTION = YES;
				GCC_WARN_UNUSED_VARIABLE = YES;
				IPHONEOS_DEPLOYMENT_TARGET = 15.2;
				MTL_ENABLE_DEBUG_INFO = NO;
				MTL_FAST_MATH = YES;
				SDKROOT = iphoneos;
				SWIFT_COMPILATION_MODE = wholemodule;
				SWIFT_OPTIMIZATION_LEVEL = "-O";
				VALIDATE_PRODUCT = YES;
			};
			name = Release;
		};
		2497BC0527CD10C500462512 /* Debug */ = {
			isa = XCBuildConfiguration;
			baseConfigurationReference = 139AD85923F05C18CF1AD782 /* Pods-Decision.debug.xcconfig */;
			buildSettings = {
				ASSETCATALOG_COMPILER_APPICON_NAME = AppIcon;
				ASSETCATALOG_COMPILER_GLOBAL_ACCENT_COLOR_NAME = AccentColor;
				CODE_SIGN_STYLE = Automatic;
				CURRENT_PROJECT_VERSION = 1;
				DEVELOPMENT_TEAM = KZ7GPQGAGJ;
				GENERATE_INFOPLIST_FILE = YES;
				INFOPLIST_FILE = Decision/Info.plist;
				INFOPLIST_KEY_UIApplicationSupportsIndirectInputEvents = YES;
				INFOPLIST_KEY_UILaunchStoryboardName = LaunchScreen;
				INFOPLIST_KEY_UIMainStoryboardFile = Main;
				INFOPLIST_KEY_UISupportedInterfaceOrientations_iPad = "UIInterfaceOrientationPortrait UIInterfaceOrientationPortraitUpsideDown UIInterfaceOrientationLandscapeLeft UIInterfaceOrientationLandscapeRight";
				INFOPLIST_KEY_UISupportedInterfaceOrientations_iPhone = "UIInterfaceOrientationPortrait UIInterfaceOrientationLandscapeLeft UIInterfaceOrientationLandscapeRight";
				LD_RUNPATH_SEARCH_PATHS = (
					"$(inherited)",
					"@executable_path/Frameworks",
				);
				MARKETING_VERSION = 1.0;
				PRODUCT_BUNDLE_IDENTIFIER = com.gghoneycomb.Decision;
				PRODUCT_NAME = "$(TARGET_NAME)";
				SWIFT_EMIT_LOC_STRINGS = YES;
				SWIFT_VERSION = 5.0;
				TARGETED_DEVICE_FAMILY = "1,2";
			};
			name = Debug;
		};
		2497BC0627CD10C500462512 /* Release */ = {
			isa = XCBuildConfiguration;
			baseConfigurationReference = 610662E84E76F368D1A90374 /* Pods-Decision.release.xcconfig */;
			buildSettings = {
				ASSETCATALOG_COMPILER_APPICON_NAME = AppIcon;
				ASSETCATALOG_COMPILER_GLOBAL_ACCENT_COLOR_NAME = AccentColor;
				CODE_SIGN_STYLE = Automatic;
				CURRENT_PROJECT_VERSION = 1;
				DEVELOPMENT_TEAM = KZ7GPQGAGJ;
				GENERATE_INFOPLIST_FILE = YES;
				INFOPLIST_FILE = Decision/Info.plist;
				INFOPLIST_KEY_UIApplicationSupportsIndirectInputEvents = YES;
				INFOPLIST_KEY_UILaunchStoryboardName = LaunchScreen;
				INFOPLIST_KEY_UIMainStoryboardFile = Main;
				INFOPLIST_KEY_UISupportedInterfaceOrientations_iPad = "UIInterfaceOrientationPortrait UIInterfaceOrientationPortraitUpsideDown UIInterfaceOrientationLandscapeLeft UIInterfaceOrientationLandscapeRight";
				INFOPLIST_KEY_UISupportedInterfaceOrientations_iPhone = "UIInterfaceOrientationPortrait UIInterfaceOrientationLandscapeLeft UIInterfaceOrientationLandscapeRight";
				LD_RUNPATH_SEARCH_PATHS = (
					"$(inherited)",
					"@executable_path/Frameworks",
				);
				MARKETING_VERSION = 1.0;
				PRODUCT_BUNDLE_IDENTIFIER = com.gghoneycomb.Decision;
				PRODUCT_NAME = "$(TARGET_NAME)";
				SWIFT_EMIT_LOC_STRINGS = YES;
				SWIFT_VERSION = 5.0;
				TARGETED_DEVICE_FAMILY = "1,2";
			};
			name = Release;
		};
/* End XCBuildConfiguration section */

/* Begin XCConfigurationList section */
		2497BBEB27CD10C300462512 /* Build configuration list for PBXProject "Decision" */ = {
			isa = XCConfigurationList;
			buildConfigurations = (
				2497BC0227CD10C500462512 /* Debug */,
				2497BC0327CD10C500462512 /* Release */,
			);
			defaultConfigurationIsVisible = 0;
			defaultConfigurationName = Release;
		};
		2497BC0427CD10C500462512 /* Build configuration list for PBXNativeTarget "Decision" */ = {
			isa = XCConfigurationList;
			buildConfigurations = (
				2497BC0527CD10C500462512 /* Debug */,
				2497BC0627CD10C500462512 /* Release */,
			);
			defaultConfigurationIsVisible = 0;
			defaultConfigurationName = Release;
		};
/* End XCConfigurationList section */
	};
	rootObject = 2497BBE827CD10C300462512 /* Project object */;
}
